
Microsoft Visual Studio Solution File, Format Version 12.00
# Visual Studio Version 17
VisualStudioVersion = 17.8.34212.112
MinimumVisualStudioVersion = 10.0.40219.1
Project("{FAE04EC0-301F-11D3-BF4B-00C04F79EFBC}") = "dmi_api", "dmi_api.csproj", "{D981D2B2-5F9B-4D5D-AD86-6FD18C1EE0AB}"
EndProject
Global
	GlobalSection(SolutionConfigurationPlatforms) = preSolution
		Debug|Any CPU = Debug|Any CPU
		Release|Any CPU = Release|Any CPU
	EndGlobalSection
	GlobalSection(ProjectConfigurationPlatforms) = postSolution
		{D981D2B2-5F9B-4D5D-AD86-6FD18C1EE0AB}.Debug|Any CPU.ActiveCfg = Debug|Any CPU
		{D981D2B2-5F9B-4D5D-AD86-6FD18C1EE0AB}.Debug|Any CPU.Build.0 = Debug|Any CPU
		{D981D2B2-5F9B-4D5D-AD86-6FD18C1EE0AB}.Release|Any CPU.ActiveCfg = Release|Any CPU
		{D981D2B2-5F9B-4D5D-AD86-6FD18C1EE0AB}.Release|Any CPU.Build.0 = Release|Any CPU
	EndGlobalSection
	GlobalSection(SolutionProperties) = preSolution
		HideSolutionNode = FALSE
	EndGlobalSection
	GlobalSection(ExtensibilityGlobals) = postSolution
		SolutionGuid = {5E4FBEEF-1E67-4DD5-85BD-CD83015D3797}
	EndGlobalSection
EndGlobal
